
Microsoft Visual Studio Solution File, Format Version 12.00
# Visual Studio Version 17
VisualStudioVersion = 17.4.33110.190
MinimumVisualStudioVersion = 10.0.40219.1
Project("{FAE04EC0-301F-11D3-BF4B-00C04F79EFBC}") = "Sequência de Números e Soma", "Sequência de Números e Soma\Sequência de Números e Soma.csproj", "{001AF109-B999-4140-8F3B-26EDD9349FBF}"
EndProject
Global
	GlobalSection(SolutionConfigurationPlatforms) = preSolution
		Debug|Any CPU = Debug|Any CPU
		Release|Any CPU = Release|Any CPU
	EndGlobalSection
	GlobalSection(ProjectConfigurationPlatforms) = postSolution
		{001AF109-B999-4140-8F3B-26EDD9349FBF}.Debug|Any CPU.ActiveCfg = Debug|Any CPU
		{001AF109-B999-4140-8F3B-26EDD9349FBF}.Debug|Any CPU.Build.0 = Debug|Any CPU
		{001AF109-B999-4140-8F3B-26EDD9349FBF}.Release|Any CPU.ActiveCfg = Release|Any CPU
		{001AF109-B999-4140-8F3B-26EDD9349FBF}.Release|Any CPU.Build.0 = Release|Any CPU
	EndGlobalSection
	GlobalSection(SolutionProperties) = preSolution
		HideSolutionNode = FALSE
	EndGlobalSection
	GlobalSection(ExtensibilityGlobals) = postSolution
		SolutionGuid = {2D26C637-B890-4D9A-99F5-47D07031FE48}
	EndGlobalSection
EndGlobal
