
Microsoft Visual Studio Solution File, Format Version 12.00
# Visual Studio Version 17
VisualStudioVersion = 17.4.33110.190
MinimumVisualStudioVersion = 10.0.40219.1
Project("{FAE04EC0-301F-11D3-BF4B-00C04F79EFBC}") = "Quadrado de Pares", "Quadrado de Pares\Quadrado de Pares.csproj", "{8DB12148-A680-41CB-BE6A-937F8D056D61}"
EndProject
Global
	GlobalSection(SolutionConfigurationPlatforms) = preSolution
		Debug|Any CPU = Debug|Any CPU
		Release|Any CPU = Release|Any CPU
	EndGlobalSection
	GlobalSection(ProjectConfigurationPlatforms) = postSolution
		{8DB12148-A680-41CB-BE6A-937F8D056D61}.Debug|Any CPU.ActiveCfg = Debug|Any CPU
		{8DB12148-A680-41CB-BE6A-937F8D056D61}.Debug|Any CPU.Build.0 = Debug|Any CPU
		{8DB12148-A680-41CB-BE6A-937F8D056D61}.Release|Any CPU.ActiveCfg = Release|Any CPU
		{8DB12148-A680-41CB-BE6A-937F8D056D61}.Release|Any CPU.Build.0 = Release|Any CPU
	EndGlobalSection
	GlobalSection(SolutionProperties) = preSolution
		HideSolutionNode = FALSE
	EndGlobalSection
	GlobalSection(ExtensibilityGlobals) = postSolution
		SolutionGuid = {3AE2B372-2966-45B2-B9E8-2398033058E5}
	EndGlobalSection
EndGlobal
