
Microsoft Visual Studio Solution File, Format Version 12.00
# Visual Studio Version 17
VisualStudioVersion = 17.4.33110.190
MinimumVisualStudioVersion = 10.0.40219.1
Project("{FAE04EC0-301F-11D3-BF4B-00C04F79EFBC}") = "Múltiplos de 13", "Múltiplos de 13\Múltiplos de 13.csproj", "{506F3F14-7A31-4AA8-A513-212F90ACA8B8}"
EndProject
Global
	GlobalSection(SolutionConfigurationPlatforms) = preSolution
		Debug|Any CPU = Debug|Any CPU
		Release|Any CPU = Release|Any CPU
	EndGlobalSection
	GlobalSection(ProjectConfigurationPlatforms) = postSolution
		{506F3F14-7A31-4AA8-A513-212F90ACA8B8}.Debug|Any CPU.ActiveCfg = Debug|Any CPU
		{506F3F14-7A31-4AA8-A513-212F90ACA8B8}.Debug|Any CPU.Build.0 = Debug|Any CPU
		{506F3F14-7A31-4AA8-A513-212F90ACA8B8}.Release|Any CPU.ActiveCfg = Release|Any CPU
		{506F3F14-7A31-4AA8-A513-212F90ACA8B8}.Release|Any CPU.Build.0 = Release|Any CPU
	EndGlobalSection
	GlobalSection(SolutionProperties) = preSolution
		HideSolutionNode = FALSE
	EndGlobalSection
	GlobalSection(ExtensibilityGlobals) = postSolution
		SolutionGuid = {641AE47B-F73E-4160-A2FA-43D440CE3AFD}
	EndGlobalSection
EndGlobal
