
Microsoft Visual Studio Solution File, Format Version 12.00
# Visual Studio Version 17
VisualStudioVersion = 17.4.33110.190
MinimumVisualStudioVersion = 10.0.40219.1
Project("{FAE04EC0-301F-11D3-BF4B-00C04F79EFBC}") = "Validação de Nota", "Validação de Nota\Validação de Nota.csproj", "{05756D22-4C0C-4A0B-93B4-7AEEA4EDD90E}"
EndProject
Global
	GlobalSection(SolutionConfigurationPlatforms) = preSolution
		Debug|Any CPU = Debug|Any CPU
		Release|Any CPU = Release|Any CPU
	EndGlobalSection
	GlobalSection(ProjectConfigurationPlatforms) = postSolution
		{05756D22-4C0C-4A0B-93B4-7AEEA4EDD90E}.Debug|Any CPU.ActiveCfg = Debug|Any CPU
		{05756D22-4C0C-4A0B-93B4-7AEEA4EDD90E}.Debug|Any CPU.Build.0 = Debug|Any CPU
		{05756D22-4C0C-4A0B-93B4-7AEEA4EDD90E}.Release|Any CPU.ActiveCfg = Release|Any CPU
		{05756D22-4C0C-4A0B-93B4-7AEEA4EDD90E}.Release|Any CPU.Build.0 = Release|Any CPU
	EndGlobalSection
	GlobalSection(SolutionProperties) = preSolution
		HideSolutionNode = FALSE
	EndGlobalSection
	GlobalSection(ExtensibilityGlobals) = postSolution
		SolutionGuid = {B11C26FF-3A57-4A42-8934-33B3DCB81F61}
	EndGlobalSection
EndGlobal
