
Microsoft Visual Studio Solution File, Format Version 12.00
# Visual Studio Version 17
VisualStudioVersion = 17.4.33110.190
MinimumVisualStudioVersion = 10.0.40219.1
Project("{FAE04EC0-301F-11D3-BF4B-00C04F79EFBC}") = "Bhaskara", "Bhaskara\Bhaskara.csproj", "{227A009B-8C63-45B4-BF8F-6A71EC05DB45}"
EndProject
Global
	GlobalSection(SolutionConfigurationPlatforms) = preSolution
		Debug|Any CPU = Debug|Any CPU
		Release|Any CPU = Release|Any CPU
	EndGlobalSection
	GlobalSection(ProjectConfigurationPlatforms) = postSolution
		{227A009B-8C63-45B4-BF8F-6A71EC05DB45}.Debug|Any CPU.ActiveCfg = Debug|Any CPU
		{227A009B-8C63-45B4-BF8F-6A71EC05DB45}.Debug|Any CPU.Build.0 = Debug|Any CPU
		{227A009B-8C63-45B4-BF8F-6A71EC05DB45}.Release|Any CPU.ActiveCfg = Release|Any CPU
		{227A009B-8C63-45B4-BF8F-6A71EC05DB45}.Release|Any CPU.Build.0 = Release|Any CPU
	EndGlobalSection
	GlobalSection(SolutionProperties) = preSolution
		HideSolutionNode = FALSE
	EndGlobalSection
	GlobalSection(ExtensibilityGlobals) = postSolution
		SolutionGuid = {0EE40773-6CF0-416C-BBF1-37E426CF90B7}
	EndGlobalSection
EndGlobal
