
Microsoft Visual Studio Solution File, Format Version 12.00
# Visual Studio Version 17
VisualStudioVersion = 17.4.33110.190
MinimumVisualStudioVersion = 10.0.40219.1
Project("{FAE04EC0-301F-11D3-BF4B-00C04F79EFBC}") = "Crescente e Decrescente", "Crescente e Decrescente\Crescente e Decrescente.csproj", "{216106DC-774C-42D1-9805-1CA25250F371}"
EndProject
Global
	GlobalSection(SolutionConfigurationPlatforms) = preSolution
		Debug|Any CPU = Debug|Any CPU
		Release|Any CPU = Release|Any CPU
	EndGlobalSection
	GlobalSection(ProjectConfigurationPlatforms) = postSolution
		{216106DC-774C-42D1-9805-1CA25250F371}.Debug|Any CPU.ActiveCfg = Debug|Any CPU
		{216106DC-774C-42D1-9805-1CA25250F371}.Debug|Any CPU.Build.0 = Debug|Any CPU
		{216106DC-774C-42D1-9805-1CA25250F371}.Release|Any CPU.ActiveCfg = Release|Any CPU
		{216106DC-774C-42D1-9805-1CA25250F371}.Release|Any CPU.Build.0 = Release|Any CPU
	EndGlobalSection
	GlobalSection(SolutionProperties) = preSolution
		HideSolutionNode = FALSE
	EndGlobalSection
	GlobalSection(ExtensibilityGlobals) = postSolution
		SolutionGuid = {64776689-F869-45E8-8BF0-34B960A2FD50}
	EndGlobalSection
EndGlobal
