
Microsoft Visual Studio Solution File, Format Version 12.00
# Visual Studio Version 17
VisualStudioVersion = 17.4.33110.190
MinimumVisualStudioVersion = 10.0.40219.1
Project("{FAE04EC0-301F-11D3-BF4B-00C04F79EFBC}") = "Tabuada", "Tabuada\Tabuada.csproj", "{AC22DE1C-F879-4FE2-AD45-329EE7F29CFC}"
EndProject
Global
	GlobalSection(SolutionConfigurationPlatforms) = preSolution
		Debug|Any CPU = Debug|Any CPU
		Release|Any CPU = Release|Any CPU
	EndGlobalSection
	GlobalSection(ProjectConfigurationPlatforms) = postSolution
		{AC22DE1C-F879-4FE2-AD45-329EE7F29CFC}.Debug|Any CPU.ActiveCfg = Debug|Any CPU
		{AC22DE1C-F879-4FE2-AD45-329EE7F29CFC}.Debug|Any CPU.Build.0 = Debug|Any CPU
		{AC22DE1C-F879-4FE2-AD45-329EE7F29CFC}.Release|Any CPU.ActiveCfg = Release|Any CPU
		{AC22DE1C-F879-4FE2-AD45-329EE7F29CFC}.Release|Any CPU.Build.0 = Release|Any CPU
	EndGlobalSection
	GlobalSection(SolutionProperties) = preSolution
		HideSolutionNode = FALSE
	EndGlobalSection
	GlobalSection(ExtensibilityGlobals) = postSolution
		SolutionGuid = {2354FA72-D551-4CF9-9CA1-CD5E18CF534E}
	EndGlobalSection
EndGlobal
