
Microsoft Visual Studio Solution File, Format Version 12.00
# Visual Studio Version 17
VisualStudioVersion = 17.4.33110.190
MinimumVisualStudioVersion = 10.0.40219.1
Project("{FAE04EC0-301F-11D3-BF4B-00C04F79EFBC}") = "Sequencia IJ 1", "Sequencia IJ 1\Sequencia IJ 1.csproj", "{EC7DB8CB-B772-472E-BF38-C6EE2B4A4585}"
EndProject
Global
	GlobalSection(SolutionConfigurationPlatforms) = preSolution
		Debug|Any CPU = Debug|Any CPU
		Release|Any CPU = Release|Any CPU
	EndGlobalSection
	GlobalSection(ProjectConfigurationPlatforms) = postSolution
		{EC7DB8CB-B772-472E-BF38-C6EE2B4A4585}.Debug|Any CPU.ActiveCfg = Debug|Any CPU
		{EC7DB8CB-B772-472E-BF38-C6EE2B4A4585}.Debug|Any CPU.Build.0 = Debug|Any CPU
		{EC7DB8CB-B772-472E-BF38-C6EE2B4A4585}.Release|Any CPU.ActiveCfg = Release|Any CPU
		{EC7DB8CB-B772-472E-BF38-C6EE2B4A4585}.Release|Any CPU.Build.0 = Release|Any CPU
	EndGlobalSection
	GlobalSection(SolutionProperties) = preSolution
		HideSolutionNode = FALSE
	EndGlobalSection
	GlobalSection(ExtensibilityGlobals) = postSolution
		SolutionGuid = {28D6F2F0-43D8-45CD-A3BF-E700ED919BC4}
	EndGlobalSection
EndGlobal
