
Microsoft Visual Studio Solution File, Format Version 12.00
# Visual Studio Version 17
VisualStudioVersion = 17.4.33110.190
MinimumVisualStudioVersion = 10.0.40219.1
Project("{FAE04EC0-301F-11D3-BF4B-00C04F79EFBC}") = "Experiências", "Experiências\Experiências.csproj", "{1024E53A-7BD4-4865-AEEA-08481DF05DD5}"
EndProject
Global
	GlobalSection(SolutionConfigurationPlatforms) = preSolution
		Debug|Any CPU = Debug|Any CPU
		Release|Any CPU = Release|Any CPU
	EndGlobalSection
	GlobalSection(ProjectConfigurationPlatforms) = postSolution
		{1024E53A-7BD4-4865-AEEA-08481DF05DD5}.Debug|Any CPU.ActiveCfg = Debug|Any CPU
		{1024E53A-7BD4-4865-AEEA-08481DF05DD5}.Debug|Any CPU.Build.0 = Debug|Any CPU
		{1024E53A-7BD4-4865-AEEA-08481DF05DD5}.Release|Any CPU.ActiveCfg = Release|Any CPU
		{1024E53A-7BD4-4865-AEEA-08481DF05DD5}.Release|Any CPU.Build.0 = Release|Any CPU
	EndGlobalSection
	GlobalSection(SolutionProperties) = preSolution
		HideSolutionNode = FALSE
	EndGlobalSection
	GlobalSection(ExtensibilityGlobals) = postSolution
		SolutionGuid = {7EF246FF-8A54-4745-A0B0-365B73AF214B}
	EndGlobalSection
EndGlobal
